
Microsoft Visual Studio Solution File, Format Version 12.00
# Visual Studio Version 17
VisualStudioVersion = 17.3.32819.101
MinimumVisualStudioVersion = 10.0.40219.1
Project("{8BC9CEB8-8B4A-11D0-8D11-00A0C91BC942}") = "ArmStuff310", "ArmStuff310\ArmStuff310.vcxproj", "{4D309813-EA44-416E-813B-24E56357470A}"
EndProject
Global
	GlobalSection(SolutionConfigurationPlatforms) = preSolution
		Debug|x64 = Debug|x64
		Debug|x86 = Debug|x86
		Release|x64 = Release|x64
		Release|x86 = Release|x86
	EndGlobalSection
	GlobalSection(ProjectConfigurationPlatforms) = postSolution
		{4D309813-EA44-416E-813B-24E56357470A}.Debug|x64.ActiveCfg = Debug|x64
		{4D309813-EA44-416E-813B-24E56357470A}.Debug|x64.Build.0 = Debug|x64
		{4D309813-EA44-416E-813B-24E56357470A}.Debug|x86.ActiveCfg = Debug|Win32
		{4D309813-EA44-416E-813B-24E56357470A}.Debug|x86.Build.0 = Debug|Win32
		{4D309813-EA44-416E-813B-24E56357470A}.Release|x64.ActiveCfg = Release|x64
		{4D309813-EA44-416E-813B-24E56357470A}.Release|x64.Build.0 = Release|x64
		{4D309813-EA44-416E-813B-24E56357470A}.Release|x86.ActiveCfg = Release|Win32
		{4D309813-EA44-416E-813B-24E56357470A}.Release|x86.Build.0 = Release|Win32
	EndGlobalSection
	GlobalSection(SolutionProperties) = preSolution
		HideSolutionNode = FALSE
	EndGlobalSection
	GlobalSection(ExtensibilityGlobals) = postSolution
		SolutionGuid = {C5D50398-C4E1-4D49-A61E-E1EAAAEEEA0C}
	EndGlobalSection
EndGlobal
